
Microsoft Visual Studio Solution File, Format Version 12.00
# Visual Studio Version 17
VisualStudioVersion = 17.0.32014.148
MinimumVisualStudioVersion = 10.0.40219.1
Project("{FAE04EC0-301F-11D3-BF4B-00C04F79EFBC}") = "qara", "qara\qara.csproj", "{54BC99E3-3947-4CB8-BC80-E80C9D0A6666}"
EndProject
Global
	GlobalSection(SolutionConfigurationPlatforms) = preSolution
		Debug|Any CPU = Debug|Any CPU
		Release|Any CPU = Release|Any CPU
	EndGlobalSection
	GlobalSection(ProjectConfigurationPlatforms) = postSolution
		{54BC99E3-3947-4CB8-BC80-E80C9D0A6666}.Debug|Any CPU.ActiveCfg = Debug|Any CPU
		{54BC99E3-3947-4CB8-BC80-E80C9D0A6666}.Debug|Any CPU.Build.0 = Debug|Any CPU
		{54BC99E3-3947-4CB8-BC80-E80C9D0A6666}.Release|Any CPU.ActiveCfg = Release|Any CPU
		{54BC99E3-3947-4CB8-BC80-E80C9D0A6666}.Release|Any CPU.Build.0 = Release|Any CPU
	EndGlobalSection
	GlobalSection(SolutionProperties) = preSolution
		HideSolutionNode = FALSE
	EndGlobalSection
	GlobalSection(ExtensibilityGlobals) = postSolution
		SolutionGuid = {B7A38FB2-8FFA-4FC5-A73D-CB2156C2932B}
	EndGlobalSection
EndGlobal
