
Microsoft Visual Studio Solution File, Format Version 12.00
# Visual Studio Version 17
VisualStudioVersion = 17.0.32014.148
MinimumVisualStudioVersion = 10.0.40219.1
Project("{FAE04EC0-301F-11D3-BF4B-00C04F79EFBC}") = "project", "project\project.csproj", "{EC338F18-F7C2-4F0D-B2AF-3A70E76D4E3A}"
EndProject
Global
	GlobalSection(SolutionConfigurationPlatforms) = preSolution
		Debug|Any CPU = Debug|Any CPU
		Release|Any CPU = Release|Any CPU
	EndGlobalSection
	GlobalSection(ProjectConfigurationPlatforms) = postSolution
		{EC338F18-F7C2-4F0D-B2AF-3A70E76D4E3A}.Debug|Any CPU.ActiveCfg = Debug|Any CPU
		{EC338F18-F7C2-4F0D-B2AF-3A70E76D4E3A}.Debug|Any CPU.Build.0 = Debug|Any CPU
		{EC338F18-F7C2-4F0D-B2AF-3A70E76D4E3A}.Release|Any CPU.ActiveCfg = Release|Any CPU
		{EC338F18-F7C2-4F0D-B2AF-3A70E76D4E3A}.Release|Any CPU.Build.0 = Release|Any CPU
	EndGlobalSection
	GlobalSection(SolutionProperties) = preSolution
		HideSolutionNode = FALSE
	EndGlobalSection
	GlobalSection(ExtensibilityGlobals) = postSolution
		SolutionGuid = {2904BE56-DB38-4B35-ADD0-D81C6BAA6403}
	EndGlobalSection
EndGlobal
