
Microsoft Visual Studio Solution File, Format Version 12.00
# Visual Studio Version 17
VisualStudioVersion = 17.0.32014.148
MinimumVisualStudioVersion = 10.0.40219.1
Project("{FAE04EC0-301F-11D3-BF4B-00C04F79EFBC}") = "ADO_Lesson_2", "ADO_Lesson_2\ADO_Lesson_2.csproj", "{11BD0B93-2FDD-4772-8BAC-44E66B98E3B7}"
EndProject
Global
	GlobalSection(SolutionConfigurationPlatforms) = preSolution
		Debug|Any CPU = Debug|Any CPU
		Release|Any CPU = Release|Any CPU
	EndGlobalSection
	GlobalSection(ProjectConfigurationPlatforms) = postSolution
		{11BD0B93-2FDD-4772-8BAC-44E66B98E3B7}.Debug|Any CPU.ActiveCfg = Debug|Any CPU
		{11BD0B93-2FDD-4772-8BAC-44E66B98E3B7}.Debug|Any CPU.Build.0 = Debug|Any CPU
		{11BD0B93-2FDD-4772-8BAC-44E66B98E3B7}.Release|Any CPU.ActiveCfg = Release|Any CPU
		{11BD0B93-2FDD-4772-8BAC-44E66B98E3B7}.Release|Any CPU.Build.0 = Release|Any CPU
	EndGlobalSection
	GlobalSection(SolutionProperties) = preSolution
		HideSolutionNode = FALSE
	EndGlobalSection
	GlobalSection(ExtensibilityGlobals) = postSolution
		SolutionGuid = {EAB73A37-C044-4360-88C6-302222F41136}
	EndGlobalSection
EndGlobal
