
Microsoft Visual Studio Solution File, Format Version 12.00
# Visual Studio Version 17
VisualStudioVersion = 17.0.32014.148
MinimumVisualStudioVersion = 10.0.40219.1
Project("{FAE04EC0-301F-11D3-BF4B-00C04F79EFBC}") = "WpfApp1", "WpfApp1\WpfApp1.csproj", "{495779A8-7BB3-4B44-B635-5340702B767F}"
EndProject
Global
	GlobalSection(SolutionConfigurationPlatforms) = preSolution
		Debug|Any CPU = Debug|Any CPU
		Release|Any CPU = Release|Any CPU
	EndGlobalSection
	GlobalSection(ProjectConfigurationPlatforms) = postSolution
		{495779A8-7BB3-4B44-B635-5340702B767F}.Debug|Any CPU.ActiveCfg = Debug|Any CPU
		{495779A8-7BB3-4B44-B635-5340702B767F}.Debug|Any CPU.Build.0 = Debug|Any CPU
		{495779A8-7BB3-4B44-B635-5340702B767F}.Release|Any CPU.ActiveCfg = Release|Any CPU
		{495779A8-7BB3-4B44-B635-5340702B767F}.Release|Any CPU.Build.0 = Release|Any CPU
	EndGlobalSection
	GlobalSection(SolutionProperties) = preSolution
		HideSolutionNode = FALSE
	EndGlobalSection
	GlobalSection(ExtensibilityGlobals) = postSolution
		SolutionGuid = {14A77C90-E6A7-4736-BBF6-78CA63BDD89D}
	EndGlobalSection
EndGlobal
